# THIS IS AN AUTOGENERATED FILE. DO NOT EDIT THIS FILE DIRECTLY.
# yarn lockfile v1


dat.gui@^0.7.6:
  version "0.7.6"
  resolved "https://registry.yarnpkg.com/dat.gui/-/dat.gui-0.7.6.tgz#92182a0f2dc96c26910f888238d3839166d82f76"
  integrity sha512-9Uqr4aQUvp9q5P2b4y6gK604HXafubOq578OmOS8mjrIkYrBP4EbQ9gz9YRXgyPh7aQi+b9H/jAG7EucmhYpSA==

three@^0.137.0:
  version "0.137.0"
  resolved "https://registry.yarnpkg.com/three/-/three-0.137.0.tgz#0ebd6ba66637a332c31f234bcdd35aeec071a6e3"
  integrity sha512-rzSDhia6cU35UCy6y+zEEws6vSgytfHqFMSaBvUcySgzwvDO6vETyswtSNi/+aVqJw8WLMwyT1mlQQ1T/dxxOA==
